<?xml version="1.0" encoding="UTF-8"?>
<Project ToolsVersion="12.0" xmlns="http://schemas.microsoft.com/developer/msbuild/2003">
  <ItemGroup>
    <ClCompile Include="E:\Github\fast-compile\vendor\secp256k1-zkp\src\secp256k1.c">
      <Filter>Source Files</Filter>
    </ClCompile>
  </ItemGroup>
  <ItemGroup>
    <CustomBuild Include="E:\Github\fast-compile\CMakeLists.txt" />
  </ItemGroup>
  <ItemGroup>
    <Filter Include="Source Files">
      <UniqueIdentifier>{7CF1CB5D-0DA8-3025-B92B-F64FB60E4466}</UniqueIdentifier>
    </Filter>
  </ItemGroup>
</Project>
